
Microsoft Visual Studio Solution File, Format Version 12.00
# Visual Studio Version 17
VisualStudioVersion = 17.1.32210.238
MinimumVisualStudioVersion = 10.0.40219.1
Project("{2150E333-8FDC-42A3-9474-1A3956D46DE8}") = "src", "src", "{1967C4C7-E584-46DF-BDCC-B88E38B6B3E7}"
EndProject
Project("{2150E333-8FDC-42A3-9474-1A3956D46DE8}") = "Building Blocks", "Building Blocks", "{C32202C8-E309-4EA7-87D5-0D3C56884E38}"
EndProject
Project("{2150E333-8FDC-42A3-9474-1A3956D46DE8}") = "Services", "Services", "{A77D6C50-6040-49F1-A0C1-317418457AF4}"
EndProject
Project("{2150E333-8FDC-42A3-9474-1A3956D46DE8}") = "Web", "Web", "{24879AF2-F9CA-405B-AAC9-1E1BD50042FD}"
EndProject
Project("{2150E333-8FDC-42A3-9474-1A3956D46DE8}") = "Identidade", "Identidade", "{175C3D5F-A065-46F7-8C77-BD3A5FFB76F9}"
EndProject
Project("{2150E333-8FDC-42A3-9474-1A3956D46DE8}") = "Api", "Api", "{E357CEAF-D942-461E-863D-389734DEA8F6}"
EndProject
Project("{9A19103F-16F7-4668-BE54-9A1E7A4F7556}") = "Agenda.Identidade.Api", "src\services\Agenda.Identidade.Api\Agenda.Identidade.Api.csproj", "{66EAF2ED-21B5-4CE9-AE26-0ED630DDD004}"
EndProject
Project("{9A19103F-16F7-4668-BE54-9A1E7A4F7556}") = "Agenda.Api", "src\web\Agenda.Api\Agenda.Api.csproj", "{B576E245-A1A3-4D67-8A62-C4B216A0B978}"
EndProject
Global
	GlobalSection(SolutionConfigurationPlatforms) = preSolution
		Debug|Any CPU = Debug|Any CPU
		Release|Any CPU = Release|Any CPU
	EndGlobalSection
	GlobalSection(ProjectConfigurationPlatforms) = postSolution
		{66EAF2ED-21B5-4CE9-AE26-0ED630DDD004}.Debug|Any CPU.ActiveCfg = Debug|Any CPU
		{66EAF2ED-21B5-4CE9-AE26-0ED630DDD004}.Debug|Any CPU.Build.0 = Debug|Any CPU
		{66EAF2ED-21B5-4CE9-AE26-0ED630DDD004}.Release|Any CPU.ActiveCfg = Release|Any CPU
		{66EAF2ED-21B5-4CE9-AE26-0ED630DDD004}.Release|Any CPU.Build.0 = Release|Any CPU
		{B576E245-A1A3-4D67-8A62-C4B216A0B978}.Debug|Any CPU.ActiveCfg = Debug|Any CPU
		{B576E245-A1A3-4D67-8A62-C4B216A0B978}.Debug|Any CPU.Build.0 = Debug|Any CPU
		{B576E245-A1A3-4D67-8A62-C4B216A0B978}.Release|Any CPU.ActiveCfg = Release|Any CPU
		{B576E245-A1A3-4D67-8A62-C4B216A0B978}.Release|Any CPU.Build.0 = Release|Any CPU
	EndGlobalSection
	GlobalSection(SolutionProperties) = preSolution
		HideSolutionNode = FALSE
	EndGlobalSection
	GlobalSection(NestedProjects) = preSolution
		{C32202C8-E309-4EA7-87D5-0D3C56884E38} = {1967C4C7-E584-46DF-BDCC-B88E38B6B3E7}
		{A77D6C50-6040-49F1-A0C1-317418457AF4} = {1967C4C7-E584-46DF-BDCC-B88E38B6B3E7}
		{24879AF2-F9CA-405B-AAC9-1E1BD50042FD} = {1967C4C7-E584-46DF-BDCC-B88E38B6B3E7}
		{175C3D5F-A065-46F7-8C77-BD3A5FFB76F9} = {A77D6C50-6040-49F1-A0C1-317418457AF4}
		{E357CEAF-D942-461E-863D-389734DEA8F6} = {24879AF2-F9CA-405B-AAC9-1E1BD50042FD}
		{66EAF2ED-21B5-4CE9-AE26-0ED630DDD004} = {175C3D5F-A065-46F7-8C77-BD3A5FFB76F9}
		{B576E245-A1A3-4D67-8A62-C4B216A0B978} = {E357CEAF-D942-461E-863D-389734DEA8F6}
	EndGlobalSection
	GlobalSection(ExtensibilityGlobals) = postSolution
		SolutionGuid = {B0648E74-5857-4AF2-B216-1F601101F73E}
	EndGlobalSection
EndGlobal
